
Microsoft Visual Studio Solution File, Format Version 12.00
# Visual Studio Version 17
VisualStudioVersion = 17.0.31903.59
MinimumVisualStudioVersion = 10.0.40219.1
Project("{2150E333-8FDC-42A3-9474-1A3956D46DE8}") = "src", "src", "{EBAE103F-9FDD-4812-932B-309511236289}"
EndProject
Project("{FAE04EC0-301F-11D3-BF4B-00C04F79EFBC}") = "CloudlogHelper", "src\CloudlogHelper\CloudlogHelper.csproj", "{C33BE3CE-CA6D-4108-816B-CEFD0073080F}"
EndProject
Project("{2150E333-8FDC-42A3-9474-1A3956D46DE8}") = "tests", "tests", "{0CB66244-13B7-49E8-A52F-9F837CCD194D}"
EndProject
Project("{FAE04EC0-301F-11D3-BF4B-00C04F79EFBC}") = "CloudlogHelper.Tests", "tests\CloudlogHelper.Tests\CloudlogHelper.Tests.csproj", "{4C416FC0-A9C0-4C38-8EE1-640598E9B1D9}"
EndProject
Global
	GlobalSection(SolutionConfigurationPlatforms) = preSolution
		Debug|Any CPU = Debug|Any CPU
		Release|Any CPU = Release|Any CPU
	EndGlobalSection
	GlobalSection(SolutionProperties) = preSolution
		HideSolutionNode = FALSE
	EndGlobalSection
	GlobalSection(ProjectConfigurationPlatforms) = postSolution
		{C33BE3CE-CA6D-4108-816B-CEFD0073080F}.Debug|Any CPU.ActiveCfg = Debug|Any CPU
		{C33BE3CE-CA6D-4108-816B-CEFD0073080F}.Debug|Any CPU.Build.0 = Debug|Any CPU
		{C33BE3CE-CA6D-4108-816B-CEFD0073080F}.Release|Any CPU.ActiveCfg = Release|Any CPU
		{C33BE3CE-CA6D-4108-816B-CEFD0073080F}.Release|Any CPU.Build.0 = Release|Any CPU
		{4C416FC0-A9C0-4C38-8EE1-640598E9B1D9}.Debug|Any CPU.ActiveCfg = Debug|Any CPU
		{4C416FC0-A9C0-4C38-8EE1-640598E9B1D9}.Debug|Any CPU.Build.0 = Debug|Any CPU
		{4C416FC0-A9C0-4C38-8EE1-640598E9B1D9}.Release|Any CPU.ActiveCfg = Release|Any CPU
		{4C416FC0-A9C0-4C38-8EE1-640598E9B1D9}.Release|Any CPU.Build.0 = Release|Any CPU
	EndGlobalSection
	GlobalSection(NestedProjects) = preSolution
		{C33BE3CE-CA6D-4108-816B-CEFD0073080F} = {EBAE103F-9FDD-4812-932B-309511236289}
		{4C416FC0-A9C0-4C38-8EE1-640598E9B1D9} = {0CB66244-13B7-49E8-A52F-9F837CCD194D}
	EndGlobalSection
EndGlobal
